
Microsoft Visual Studio Solution File, Format Version 12.00
# Visual Studio Version 17
VisualStudioVersion = 17.0.32014.148
MinimumVisualStudioVersion = 10.0.40219.1
Project("{9A19103F-16F7-4668-BE54-9A1E7A4F7556}") = "WebAPI", "WebAPI\WebAPI.csproj", "{19D96C95-BDAC-493C-B019-FA974E13AB26}"
EndProject
Project("{FAE04EC0-301F-11D3-BF4B-00C04F79EFBC}") = "WebApp", "WebApp\WebApp.csproj", "{03F3AF39-C4D5-4E71-89AE-4490DAA12933}"
EndProject
Project("{FAE04EC0-301F-11D3-BF4B-00C04F79EFBC}") = "Shared", "Shared\Shared.csproj", "{00B72174-3F8A-4D36-B1C2-3B01B708BC92}"
EndProject
Global
	GlobalSection(SolutionConfigurationPlatforms) = preSolution
		Debug|Any CPU = Debug|Any CPU
		Release|Any CPU = Release|Any CPU
	EndGlobalSection
	GlobalSection(ProjectConfigurationPlatforms) = postSolution
		{19D96C95-BDAC-493C-B019-FA974E13AB26}.Debug|Any CPU.ActiveCfg = Debug|Any CPU
		{19D96C95-BDAC-493C-B019-FA974E13AB26}.Debug|Any CPU.Build.0 = Debug|Any CPU
		{19D96C95-BDAC-493C-B019-FA974E13AB26}.Release|Any CPU.ActiveCfg = Release|Any CPU
		{19D96C95-BDAC-493C-B019-FA974E13AB26}.Release|Any CPU.Build.0 = Release|Any CPU
		{03F3AF39-C4D5-4E71-89AE-4490DAA12933}.Debug|Any CPU.ActiveCfg = Debug|Any CPU
		{03F3AF39-C4D5-4E71-89AE-4490DAA12933}.Debug|Any CPU.Build.0 = Debug|Any CPU
		{03F3AF39-C4D5-4E71-89AE-4490DAA12933}.Release|Any CPU.ActiveCfg = Release|Any CPU
		{03F3AF39-C4D5-4E71-89AE-4490DAA12933}.Release|Any CPU.Build.0 = Release|Any CPU
		{00B72174-3F8A-4D36-B1C2-3B01B708BC92}.Debug|Any CPU.ActiveCfg = Debug|Any CPU
		{00B72174-3F8A-4D36-B1C2-3B01B708BC92}.Debug|Any CPU.Build.0 = Debug|Any CPU
		{00B72174-3F8A-4D36-B1C2-3B01B708BC92}.Release|Any CPU.ActiveCfg = Release|Any CPU
		{00B72174-3F8A-4D36-B1C2-3B01B708BC92}.Release|Any CPU.Build.0 = Release|Any CPU
	EndGlobalSection
	GlobalSection(SolutionProperties) = preSolution
		HideSolutionNode = FALSE
	EndGlobalSection
	GlobalSection(ExtensibilityGlobals) = postSolution
		SolutionGuid = {E6F34D6E-0A93-42FA-B174-BC1DDB932FAF}
	EndGlobalSection
EndGlobal
